github.com/shenwei356/bpool v0.0.0-20160710042833-f9e0ee4d0403 h1:/3JklLnHXiWUBxWc3joQYavDQJpncRhRA909cUb7eOw=
github.com/shenwei356/bpool v0.0.0-20160710042833-f9e0ee4d0403/go.mod h1:YkgdTWfNnJgv5HVJbVSDmxQtkK3/jZWDoqcG26BVU8k=
github.com/shenwei356/util v2020.12.31+incompatible h1:CQYnsFHZ6A6OdDTnx/+xYbY4AhRFXaTG1muSvOJZGEo=
github.com/shenwei356/util v2020.12.31+incompatible/go.mod h1:n3qhc3bQzlqJ2/5v79hgl0Gd3WzJOkI8XcUix25Brdg=
